
Microsoft Visual Studio Solution File, Format Version 12.00
# Visual Studio Version 17
VisualStudioVersion = 17.3.32901.215
MinimumVisualStudioVersion = 10.0.40219.1
Project("{FAE04EC0-301F-11D3-BF4B-00C04F79EFBC}") = "SqlConnect", "SqlConnect\SqlConnect.csproj", "{70A6A353-837A-460F-BA35-156461C3A3DC}"
EndProject
Global
	GlobalSection(SolutionConfigurationPlatforms) = preSolution
		Debug|Any CPU = Debug|Any CPU
		Release|Any CPU = Release|Any CPU
	EndGlobalSection
	GlobalSection(ProjectConfigurationPlatforms) = postSolution
		{70A6A353-837A-460F-BA35-156461C3A3DC}.Debug|Any CPU.ActiveCfg = Debug|Any CPU
		{70A6A353-837A-460F-BA35-156461C3A3DC}.Debug|Any CPU.Build.0 = Debug|Any CPU
		{70A6A353-837A-460F-BA35-156461C3A3DC}.Release|Any CPU.ActiveCfg = Release|Any CPU
		{70A6A353-837A-460F-BA35-156461C3A3DC}.Release|Any CPU.Build.0 = Release|Any CPU
	EndGlobalSection
	GlobalSection(SolutionProperties) = preSolution
		HideSolutionNode = FALSE
	EndGlobalSection
	GlobalSection(ExtensibilityGlobals) = postSolution
		SolutionGuid = {9CDCAE7B-38D1-4BA9-9A3F-C77ADA9F6774}
	EndGlobalSection
EndGlobal
